// !$*UTF8*$!
{
	archiveVersion = 1;
	classes = {
	};
	objectVersion = 46;
	objects = {

/* Begin PBXBuildFile section */
		42ED02271E9D2BDC00E5EAEB /* main.m in Sources */ = {isa = PBXBuildFile; fileRef = 42ED02261E9D2BDC00E5EAEB /* main.m */; };
		42ED022A1E9D2BDC00E5EAEB /* AppDelegate.m in Sources */ = {isa = PBXBuildFile; fileRef = 42ED02291E9D2BDC00E5EAEB /* AppDelegate.m */; };
		42ED022D1E9D2BDC00E5EAEB /* ViewController.m in Sources */ = {isa = PBXBuildFile; fileRef = 42ED022C1E9D2BDC00E5EAEB /* ViewController.m */; };
		42ED02301E9D2BDC00E5EAEB /* Main.storyboard in Resources */ = {isa = PBXBuildFile; fileRef = 42ED022E1E9D2BDC00E5EAEB /* Main.storyboard */; };
		42ED02321E9D2BDC00E5EAEB /* Assets.xcassets in Resources */ = {isa = PBXBuildFile; fileRef = 42ED02311E9D2BDC00E5EAEB /* Assets.xcassets */; };
		42ED02351E9D2BDC00E5EAEB /* LaunchScreen.storyboard in Resources */ = {isa = PBXBuildFile; fileRef = 42ED02331E9D2BDC00E5EAEB /* LaunchScreen.storyboard */; };
/* End PBXBuildFile section */

/* Begin PBXFileReference section */
		42ED02221E9D2BDC00E5EAEB /* coreanimation.clock.app */ = {isa = PBXFileReference; explicitFileType = wrapper.application; includeInIndex = 0; path = coreanimation.clock.app; sourceTree = BUILT_PRODUCTS_DIR; };
		42ED02261E9D2BDC00E5EAEB /* main.m */ = {isa = PBXFileReference; lastKnownFileType = sourcecode.c.objc; path = main.m; sourceTree = "<group>"; };
		42ED02281E9D2BDC00E5EAEB /* AppDelegate.h */ = {isa = PBXFileReference; lastKnownFileType = sourcecode.c.h; path = AppDelegate.h; sourceTree = "<group>"; };
		42ED02291E9D2BDC00E5EAEB /* AppDelegate.m */ = {isa = PBXFileReference; lastKnownFileType = sourcecode.c.objc; path = AppDelegate.m; sourceTree = "<group>"; };
		42ED022B1E9D2BDC00E5EAEB /* ViewController.h */ = {isa = PBXFileReference; lastKnownFileType = sourcecode.c.h; path = ViewController.h; sourceTree = "<group>"; };
		42ED022C1E9D2BDC00E5EAEB /* ViewController.m */ = {isa = PBXFileReference; lastKnownFileType = sourcecode.c.objc; path = ViewController.m; sourceTree = "<group>"; };
		42ED022F1E9D2BDC00E5EAEB /* Base */ = {isa = PBXFileReference; lastKnownFileType = file.storyboard; name = Base; path = Base.lproj/Main.storyboard; sourceTree = "<group>"; };
		42ED02311E9D2BDC00E5EAEB /* Assets.xcassets */ = {isa = PBXFileReference; lastKnownFileType = folder.assetcatalog; path = Assets.xcassets; sourceTree = "<group>"; };
		42ED02341E9D2BDC00E5EAEB /* Base */ = {isa = PBXFileReference; lastKnownFileType = file.storyboard; name = Base; path = Base.lproj/LaunchScreen.storyboard; sourceTree = "<group>"; };
		42ED02361E9D2BDC00E5EAEB /* Info.plist */ = {isa = PBXFileReference; lastKnownFileType = text.plist.xml; path = Info.plist; sourceTree = "<group>"; };
/* End PBXFileReference section */

/* Begin PBXFrameworksBuildPhase section */
		42ED021F1E9D2BDB00E5EAEB /* Frameworks */ = {
			isa = PBXFrameworksBuildPhase;
			buildActionMask = 2147483647;
			files = (
			);
			runOnlyForDeploymentPostprocessing = 0;
		};
/* End PBXFrameworksBuildPhase section */

/* Begin PBXGroup section */
		42ED02191E9D2BDB00E5EAEB = {
			isa = PBXGroup;
			children = (
				42ED02241E9D2BDC00E5EAEB /* coreanimation.clock */,
				42ED02231E9D2BDC00E5EAEB /* Products */,
			);
			sourceTree = "<group>";
		};
		42ED02231E9D2BDC00E5EAEB /* Products */ = {
			isa = PBXGroup;
			children = (
				42ED02221E9D2BDC00E5EAEB /* coreanimation.clock.app */,
			);
			name = Products;
			sourceTree = "<group>";
		};
		42ED02241E9D2BDC00E5EAEB /* coreanimation.clock */ = {
			isa = PBXGroup;
			children = (
				42ED02281E9D2BDC00E5EAEB /* AppDelegate.h */,
				42ED02291E9D2BDC00E5EAEB /* AppDelegate.m */,
				42ED022B1E9D2BDC00E5EAEB /* ViewController.h */,
				42ED022C1E9D2BDC00E5EAEB /* ViewController.m */,
				42ED022E1E9D2BDC00E5EAEB /* Main.storyboard */,
				42ED02311E9D2BDC00E5EAEB /* Assets.xcassets */,
				42ED02331E9D2BDC00E5EAEB /* LaunchScreen.storyboard */,
				42ED02361E9D2BDC00E5EAEB /* Info.plist */,
				42ED02251E9D2BDC00E5EAEB /* Supporting Files */,
			);
			path = coreanimation.clock;
			sourceTree = "<group>";
		};
		42ED02251E9D2BDC00E5EAEB /* Supporting Files */ = {
			isa = PBXGroup;
			children = (
				42ED02261E9D2BDC00E5EAEB /* main.m */,
			);
			name = "Supporting Files";
			sourceTree = "<group>";
		};
/* End PBXGroup section */

/* Begin PBXNativeTarget section */
		42ED02211E9D2BDB00E5EAEB /* coreanimation.clock */ = {
			isa = PBXNativeTarget;
			buildConfigurationList = 42ED02391E9D2BDC00E5EAEB /* Build configuration list for PBXNativeTarget "coreanimation.clock" */;
			buildPhases = (
				42ED021E1E9D2BDB00E5EAEB /* Sources */,
				42ED021F1E9D2BDB00E5EAEB /* Frameworks */,
				42ED02201E9D2BDB00E5EAEB /* Resources */,
			);
			buildRules = (
			);
			dependencies = (
			);
			name = coreanimation.clock;
			productName = coreanimation.clock;
			productReference = 42ED02221E9D2BDC00E5EAEB /* coreanimation.clock.app */;
			productType = "com.apple.product-type.application";
		};
/* End PBXNativeTarget section */

/* Begin PBXProject section */
		42ED021A1E9D2BDB00E5EAEB /* Project object */ = {
			isa = PBXProject;
			attributes = {
				LastUpgradeCheck = 0820;
				ORGANIZATIONNAME = "Lisa Lau";
				TargetAttributes = {
					42ED02211E9D2BDB00E5EAEB = {
						CreatedOnToolsVersion = 8.2.1;
						ProvisioningStyle = Automatic;
					};
				};
			};
			buildConfigurationList = 42ED021D1E9D2BDB00E5EAEB /* Build configuration list for PBXProject "coreanimation.clock" */;
			compatibilityVersion = "Xcode 3.2";
			developmentRegion = English;
			hasScannedForEncodings = 0;
			knownRegions = (
				en,
				Base,
			);
			mainGroup = 42ED02191E9D2BDB00E5EAEB;
			productRefGroup = 42ED02231E9D2BDC00E5EAEB /* Products */;
			projectDirPath = "";
			projectRoot = "";
			targets = (
				42ED02211E9D2BDB00E5EAEB /* coreanimation.clock */,
			);
		};
/* End PBXProject section */

/* Begin PBXResourcesBuildPhase section */
		42ED02201E9D2BDB00E5EAEB /* Resources */ = {
			isa = PBXResourcesBuildPhase;
			buildActionMask = 2147483647;
			files = (
				42ED02351E9D2BDC00E5EAEB /* LaunchScreen.storyboard in Resources */,
				42ED02321E9D2BDC00E5EAEB /* Assets.xcassets in Resources */,
				42ED02301E9D2BDC00E5EAEB /* Main.storyboard in Resources */,
			);
			runOnlyForDeploymentPostprocessing = 0;
		};
/* End PBXResourcesBuildPhase section */

/* Begin PBXSourcesBuildPhase section */
		42ED021E1E9D2BDB00E5EAEB /* Sources */ = {
			isa = PBXSourcesBuildPhase;
			buildActionMask = 2147483647;
			files = (
				42ED022D1E9D2BDC00E5EAEB /* ViewController.m in Sources */,
				42ED022A1E9D2BDC00E5EAEB /* AppDelegate.m in Sources */,
				42ED02271E9D2BDC00E5EAEB /* main.m in Sources */,
			);
			runOnlyForDeploymentPostprocessing = 0;
		};
/* End PBXSourcesBuildPhase section */

/* Begin PBXVariantGroup section */
		42ED022E1E9D2BDC00E5EAEB /* Main.storyboard */ = {
			isa = PBXVariantGroup;
			children = (
				42ED022F1E9D2BDC00E5EAEB /* Base */,
			);
			name = Main.storyboard;
			sourceTree = "<group>";
		};
		42ED02331E9D2BDC00E5EAEB /* LaunchScreen.storyboard */ = {
			isa = PBXVariantGroup;
			children = (
				42ED02341E9D2BDC00E5EAEB /* Base */,
			);
			name = LaunchScreen.storyboard;
			sourceTree = "<group>";
		};
/* End PBXVariantGroup section */

/* Begin XCBuildConfiguration section */
		42ED02371E9D2BDC00E5EAEB /* Debug */ = {
			isa = XCBuildConfiguration;
			buildSettings = {
				ALWAYS_SEARCH_USER_PATHS = NO;
				CLANG_ANALYZER_NONNULL = YES;
				CLANG_CXX_LANGUAGE_STANDARD = "gnu++0x";
				CLANG_CXX_LIBRARY = "libc++";
				CLANG_ENABLE_MODULES = YES;
				CLANG_ENABLE_OBJC_ARC = YES;
				CLANG_WARN_BOOL_CONVERSION = YES;
				CLANG_WARN_CONSTANT_CONVERSION = YES;
				CLANG_WARN_DIRECT_OBJC_ISA_USAGE = YES_ERROR;
				CLANG_WARN_DOCUMENTATION_COMMENTS = YES;
				CLANG_WARN_EMPTY_BODY = YES;
				CLANG_WARN_ENUM_CONVERSION = YES;
				CLANG_WARN_INFINITE_RECURSION = YES;
				CLANG_WARN_INT_CONVERSION = YES;
				CLANG_WARN_OBJC_ROOT_CLASS = YES_ERROR;
				CLANG_WARN_SUSPICIOUS_MOVE = YES;
				CLANG_WARN_UNREACHABLE_CODE = YES;
				CLANG_WARN__DUPLICATE_METHOD_MATCH = YES;
				"CODE_SIGN_IDENTITY[sdk=iphoneos*]" = "iPhone Developer";
				COPY_PHASE_STRIP = NO;
				DEBUG_INFORMATION_FORMAT = dwarf;
				ENABLE_STRICT_OBJC_MSGSEND = YES;
				ENABLE_TESTABILITY = YES;
				GCC_C_LANGUAGE_STANDARD = gnu99;
				GCC_DYNAMIC_NO_PIC = NO;
				GCC_NO_COMMON_BLOCKS = YES;
				GCC_OPTIMIZATION_LEVEL = 0;
				GCC_PREPROCESSOR_DEFINITIONS = (
					"DEBUG=1",
					"$(inherited)",
				);
				GCC_WARN_64_TO_32_BIT_CONVERSION = YES;
				GCC_WARN_ABOUT_RETURN_TYPE = YES_ERROR;
				GCC_WARN_UNDECLARED_SELECTOR = YES;
				GCC_WARN_UNINITIALIZED_AUTOS = YES_AGGRESSIVE;
				GCC_WARN_UNUSED_FUNCTION = YES;
				GCC_WARN_UNUSED_VARIABLE = YES;
				IPHONEOS_DEPLOYMENT_TARGET = 10.2;
				MTL_ENABLE_DEBUG_INFO = YES;
				ONLY_ACTIVE_ARCH = YES;
				SDKROOT = iphoneos;
				TARGETED_DEVICE_FAMILY = "1,2";
			};
			name = Debug;
		};
		42ED02381E9D2BDC00E5EAEB /* Release */ = {
			isa = XCBuildConfiguration;
			buildSettings = {
				ALWAYS_SEARCH_USER_PATHS = NO;
				CLANG_ANALYZER_NONNULL = YES;
				CLANG_CXX_LANGUAGE_STANDARD = "gnu++0x";
				CLANG_CXX_LIBRARY = "libc++";
				CLANG_ENABLE_MODULES = YES;
				CLANG_ENABLE_OBJC_ARC = YES;
				CLANG_WARN_BOOL_CONVERSION = YES;
				CLANG_WARN_CONSTANT_CONVERSION = YES;
				CLANG_WARN_DIRECT_OBJC_ISA_USAGE = YES_ERROR;
				CLANG_WARN_DOCUMENTATION_COMMENTS = YES;
				CLANG_WARN_EMPTY_BODY = YES;
				CLANG_WARN_ENUM_CONVERSION = YES;
				CLANG_WARN_INFINITE_RECURSION = YES;
				CLANG_WARN_INT_CONVERSION = YES;
				CLANG_WARN_OBJC_ROOT_CLASS = YES_ERROR;
				CLANG_WARN_SUSPICIOUS_MOVE = YES;
				CLANG_WARN_UNREACHABLE_CODE = YES;
				CLANG_WARN__DUPLICATE_METHOD_MATCH = YES;
				"CODE_SIGN_IDENTITY[sdk=iphoneos*]" = "iPhone Developer";
				COPY_PHASE_STRIP = NO;
				DEBUG_INFORMATION_FORMAT = "dwarf-with-dsym";
				ENABLE_NS_ASSERTIONS = NO;
				ENABLE_STRICT_OBJC_MSGSEND = YES;
				GCC_C_LANGUAGE_STANDARD = gnu99;
				GCC_NO_COMMON_BLOCKS = YES;
				GCC_WARN_64_TO_32_BIT_CONVERSION = YES;
				GCC_WARN_ABOUT_RETURN_TYPE = YES_ERROR;
				GCC_WARN_UNDECLARED_SELECTOR = YES;
				GCC_WARN_UNINITIALIZED_AUTOS = YES_AGGRESSIVE;
				GCC_WARN_UNUSED_FUNCTION = YES;
				GCC_WARN_UNUSED_VARIABLE = YES;
				IPHONEOS_DEPLOYMENT_TARGET = 10.2;
				MTL_ENABLE_DEBUG_INFO = NO;
				SDKROOT = iphoneos;
				TARGETED_DEVICE_FAMILY = "1,2";
				VALIDATE_PRODUCT = YES;
			};
			name = Release;
		};
		42ED023A1E9D2BDC00E5EAEB /* Debug */ = {
			isa = XCBuildConfiguration;
			buildSettings = {
				ASSETCATALOG_COMPILER_APPICON_NAME = AppIcon;
				INFOPLIST_FILE = coreanimation.clock/Info.plist;
				LD_RUNPATH_SEARCH_PATHS = "$(inherited) @executable_path/Frameworks";
				PRODUCT_BUNDLE_IDENTIFIER = "com.frozenamazon.coreanimation-clock";
				PRODUCT_NAME = "$(TARGET_NAME)";
			};
			name = Debug;
		};
		42ED023B1E9D2BDC00E5EAEB /* Release */ = {
			isa = XCBuildConfiguration;
			buildSettings = {
				ASSETCATALOG_COMPILER_APPICON_NAME = AppIcon;
				INFOPLIST_FILE = coreanimation.clock/Info.plist;
				LD_RUNPATH_SEARCH_PATHS = "$(inherited) @executable_path/Frameworks";
				PRODUCT_BUNDLE_IDENTIFIER = "com.frozenamazon.coreanimation-clock";
				PRODUCT_NAME = "$(TARGET_NAME)";
			};
			name = Release;
		};
/* End XCBuildConfiguration section */

/* Begin XCConfigurationList section */
		42ED021D1E9D2BDB00E5EAEB /* Build configuration list for PBXProject "coreanimation.clock" */ = {
			isa = XCConfigurationList;
			buildConfigurations = (
				42ED02371E9D2BDC00E5EAEB /* Debug */,
				42ED02381E9D2BDC00E5EAEB /* Release */,
			);
			defaultConfigurationIsVisible = 0;
			defaultConfigurationName = Release;
		};
		42ED02391E9D2BDC00E5EAEB /* Build configuration list for PBXNativeTarget "coreanimation.clock" */ = {
			isa = XCConfigurationList;
			buildConfigurations = (
				42ED023A1E9D2BDC00E5EAEB /* Debug */,
				42ED023B1E9D2BDC00E5EAEB /* Release */,
			);
			defaultConfigurationIsVisible = 0;
		};
/* End XCConfigurationList section */
	};
	rootObject = 42ED021A1E9D2BDB00E5EAEB /* Project object */;
}
